
Microsoft Visual Studio Solution File, Format Version 12.00
# Visual Studio Version 17
VisualStudioVersion = 17.14.36408.4 d17.14
MinimumVisualStudioVersion = 10.0.40219.1
Project("{54A90642-561A-4BB1-A94E-469ADEE60C69}") = "TribalWars-Scripts", "TribalWars-Scripts.esproj", "{F9574E2A-A974-765D-E44F-8EC72FE830CE}"
EndProject
Global
	GlobalSection(SolutionConfigurationPlatforms) = preSolution
		Debug|Any CPU = Debug|Any CPU
		Release|Any CPU = Release|Any CPU
	EndGlobalSection
	GlobalSection(ProjectConfigurationPlatforms) = postSolution
		{F9574E2A-A974-765D-E44F-8EC72FE830CE}.Debug|Any CPU.ActiveCfg = Debug|Any CPU
		{F9574E2A-A974-765D-E44F-8EC72FE830CE}.Debug|Any CPU.Build.0 = Debug|Any CPU
		{F9574E2A-A974-765D-E44F-8EC72FE830CE}.Debug|Any CPU.Deploy.0 = Debug|Any CPU
		{F9574E2A-A974-765D-E44F-8EC72FE830CE}.Release|Any CPU.ActiveCfg = Release|Any CPU
		{F9574E2A-A974-765D-E44F-8EC72FE830CE}.Release|Any CPU.Build.0 = Release|Any CPU
		{F9574E2A-A974-765D-E44F-8EC72FE830CE}.Release|Any CPU.Deploy.0 = Release|Any CPU
	EndGlobalSection
	GlobalSection(SolutionProperties) = preSolution
		HideSolutionNode = FALSE
	EndGlobalSection
	GlobalSection(ExtensibilityGlobals) = postSolution
		SolutionGuid = {4BDD55D8-C488-4021-A802-3BCE42B7AB5C}
	EndGlobalSection
EndGlobal
